
Microsoft Visual Studio Solution File, Format Version 12.00
# Visual Studio 15
VisualStudioVersion = 15.0.27428.1
MinimumVisualStudioVersion = 10.0.40219.1
Project("{FAE04EC0-301F-11D3-BF4B-00C04F79EFBC}") = "Pr1DebitCardNumber", "Pr1DebitCardNumber\Pr1DebitCardNumber.csproj", "{B0ADF9AE-01C2-4595-B337-5D9EB41F5BB1}"
EndProject
Project("{FAE04EC0-301F-11D3-BF4B-00C04F79EFBC}") = "Pr2RectangleArea", "Pr2RectangleArea\Pr2RectangleArea.csproj", "{F7E6663F-97F7-41B0-ADEF-E5B1AA104FAA}"
EndProject
Global
	GlobalSection(SolutionConfigurationPlatforms) = preSolution
		Debug|Any CPU = Debug|Any CPU
		Release|Any CPU = Release|Any CPU
	EndGlobalSection
	GlobalSection(ProjectConfigurationPlatforms) = postSolution
		{B0ADF9AE-01C2-4595-B337-5D9EB41F5BB1}.Debug|Any CPU.ActiveCfg = Debug|Any CPU
		{B0ADF9AE-01C2-4595-B337-5D9EB41F5BB1}.Debug|Any CPU.Build.0 = Debug|Any CPU
		{B0ADF9AE-01C2-4595-B337-5D9EB41F5BB1}.Release|Any CPU.ActiveCfg = Release|Any CPU
		{B0ADF9AE-01C2-4595-B337-5D9EB41F5BB1}.Release|Any CPU.Build.0 = Release|Any CPU
		{F7E6663F-97F7-41B0-ADEF-E5B1AA104FAA}.Debug|Any CPU.ActiveCfg = Debug|Any CPU
		{F7E6663F-97F7-41B0-ADEF-E5B1AA104FAA}.Debug|Any CPU.Build.0 = Debug|Any CPU
		{F7E6663F-97F7-41B0-ADEF-E5B1AA104FAA}.Release|Any CPU.ActiveCfg = Release|Any CPU
		{F7E6663F-97F7-41B0-ADEF-E5B1AA104FAA}.Release|Any CPU.Build.0 = Release|Any CPU
	EndGlobalSection
	GlobalSection(SolutionProperties) = preSolution
		HideSolutionNode = FALSE
	EndGlobalSection
	GlobalSection(ExtensibilityGlobals) = postSolution
		SolutionGuid = {2E5F9A4B-4174-4F4A-85E9-1FD088B12A16}
	EndGlobalSection
EndGlobal
